
Microsoft Visual Studio Solution File, Format Version 12.00
# Visual Studio Version 16
VisualStudioVersion = 16.0.31105.61
MinimumVisualStudioVersion = 10.0.40219.1
Project("{FAE04EC0-301F-11D3-BF4B-00C04F79EFBC}") = "MVC-study", "MVC-study\MVC-study.csproj", "{0EACC1C7-EC80-4DF3-A3CB-D0E65B89AA6F}"
EndProject
Global
	GlobalSection(SolutionConfigurationPlatforms) = preSolution
		Debug|Any CPU = Debug|Any CPU
		Release|Any CPU = Release|Any CPU
	EndGlobalSection
	GlobalSection(ProjectConfigurationPlatforms) = postSolution
		{0EACC1C7-EC80-4DF3-A3CB-D0E65B89AA6F}.Debug|Any CPU.ActiveCfg = Debug|Any CPU
		{0EACC1C7-EC80-4DF3-A3CB-D0E65B89AA6F}.Debug|Any CPU.Build.0 = Debug|Any CPU
		{0EACC1C7-EC80-4DF3-A3CB-D0E65B89AA6F}.Release|Any CPU.ActiveCfg = Release|Any CPU
		{0EACC1C7-EC80-4DF3-A3CB-D0E65B89AA6F}.Release|Any CPU.Build.0 = Release|Any CPU
	EndGlobalSection
	GlobalSection(SolutionProperties) = preSolution
		HideSolutionNode = FALSE
	EndGlobalSection
	GlobalSection(ExtensibilityGlobals) = postSolution
		SolutionGuid = {0915CF4D-3E47-40C8-A482-040CE2E9A7FE}
	EndGlobalSection
EndGlobal
